{
  "name": "lazdBlog",
  "version": "0.0.0",
  "lockfileVersion": 3,
  "requires": true,
  "packages": {
    "": {
      "name": "lazdBlog",
      "version": "0.0.0",
      "license": "Closed",
      "devDependencies": {
        "grunt": "0.4.x",
        "grunt-contrib-clean": "0.4.x",
        "grunt-contrib-connect": "~0.7.0",
        "grunt-contrib-copy": "0.4.x",
        "grunt-contrib-jshint": "0.6.x",
        "grunt-contrib-stylus": "0.5.x",
        "grunt-contrib-watch": "0.4.x",
        "grunt-pages": "0.11.x",
        "moment": "2.1.x"
      }
    },
    "node_modules/abbrev": {
      "version": "1.1.1",
      "resolved": "https://registry.npmjs.org/abbrev/-/abbrev-1.1.1.tgz",
      "integrity": "sha512-nne9/IiQ/hzIhY6pdDnbBtz7DjPTKrY00P/zvPSm5pOFkl6xuGrGnXn/VtTNNfNtAfZ9/1RtehkszU9qcTii0Q==",
      "dev": true
    },
    "node_modules/amdefine": {
      "version": "1.0.1",
      "resolved": "https://registry.npmjs.org/amdefine/-/amdefine-1.0.1.tgz",
      "integrity": "sha512-S2Hw0TtNkMJhIabBwIojKL9YHO5T0n5eNqWJ7Lrlel/zDbftQpxpapi8tZs3X1HWa+u+QeydGmzzNU0m09+Rcg==",
      "dev": true,
      "engines": {
        "node": ">=0.4.2"
      }
    },
    "node_modules/argparse": {
      "version": "0.1.16",
      "resolved": "https://registry.npmjs.org/argparse/-/argparse-0.1.16.tgz",
      "integrity": "sha1-z9AeD7uj1srtBJ+9dY1A9lGW9Xw=",
      "dev": true,
      "dependencies": {
        "underscore": "~1.7.0",
        "underscore.string": "~2.4.0"
      }
    },
    "node_modules/argparse/node_modules/underscore.string": {
      "version": "2.4.0",
      "resolved": "https://registry.npmjs.org/underscore.string/-/underscore.string-2.4.0.tgz",
      "integrity": "sha1-jN2PusTi0uoefi6Al8QvRCKA+Fs=",
      "dev": true,
      "engines": {
        "node": "*"
      }
    },
    "node_modules/async": {
      "version": "0.1.22",
      "resolved": "https://registry.npmjs.org/async/-/async-0.1.22.tgz",
      "integrity": "sha1-D8GqoIig4+8Ovi2IMbqw3PiEUGE=",
      "dev": true,
      "engines": {
        "node": "*"
      }
    },
    "node_modules/batch": {
      "version": "0.5.0",
      "resolved": "https://registry.npmjs.org/batch/-/batch-0.5.0.tgz",
      "integrity": "sha1-/S4Fp6XWlrTbkxQBPihdj/NVfsM=",
      "dev": true
    },
    "node_modules/bl": {
      "version": "0.4.2",
      "resolved": "https://registry.npmjs.org/bl/-/bl-0.4.2.tgz",
      "integrity": "sha512-/Jhsskdr/kVmqiA+zn6A1h0Z9pRLXrx/yxOlhKVgwaiCMtb+/UhZOHlefRAqArQVRRuOxOu+MvzQh/yIvFMZlQ==",
      "dev": true,
      "dependencies": {
        "readable-stream": "~1.0.2"
      }
    },
    "node_modules/bl/node_modules/readable-stream": {
      "version": "1.0.34",
      "resolved": "https://registry.npmjs.org/readable-stream/-/readable-stream-1.0.34.tgz",
      "integrity": "sha512-ok1qVCJuRkNmvebYikljxJA/UEsKwLl2nI1OmaqAu4/UE+h0wKCHok4XkL/gvi39OacXvw59RJUOFUkDib2rHg==",
      "dev": true,
      "dependencies": {
        "core-util-is": "~1.0.0",
        "inherits": "~2.0.1",
        "isarray": "0.0.1",
        "string_decoder": "~0.10.x"
      }
    },
    "node_modules/buffer-crc32": {
      "version": "0.2.1",
      "resolved": "https://registry.npmjs.org/buffer-crc32/-/buffer-crc32-0.2.1.tgz",
      "integrity": "sha1-vj5TgvwCttYySVasGvmKqYsIU0w=",
      "dev": true,
      "engines": {
        "node": "*"
      }
    },
    "node_modules/bytes": {
      "version": "0.2.1",
      "resolved": "https://registry.npmjs.org/bytes/-/bytes-0.2.1.tgz",
      "integrity": "sha1-VVsIq8sGP4l1kFMCUj5M1P/f3zE=",
      "dev": true
    },
    "node_modules/camelcase": {
      "version": "1.2.1",
      "resolved": "https://registry.npmjs.org/camelcase/-/camelcase-1.2.1.tgz",
      "integrity": "sha512-wzLkDa4K/mzI1OSITC+DUyjgIl/ETNHE9QvYgy6J6Jvqyyz4C0Xfd+lQhb19sX2jMpZV4IssUn0VDVmglV+s4g==",
      "dev": true,
      "engines": {
        "node": ">=0.10.0"
      }
    },
    "node_modules/character-parser": {
      "version": "1.2.0",
      "resolved": "https://registry.npmjs.org/character-parser/-/character-parser-1.2.0.tgz",
      "integrity": "sha512-FtpaoJWMk2JsI8h/Qhc5cLQMMT8cbqxDJ/vP2t5a1TcjnSPHGj0dcovj5H6lR5gzMAgJbe5dlIfbx1rGufvHgw==",
      "dev": true
    },
    "node_modules/cli": {
      "version": "0.4.5",
      "resolved": "https://registry.npmjs.org/cli/-/cli-0.4.5.tgz",
      "integrity": "sha1-ePlIXNFhtWbppsctcXDEJw6B22E=",
      "dev": true,
      "dependencies": {
        "glob": ">= 3.1.4"
      },
      "engines": {
        "node": ">=0.2.5"
      }
    },
    "node_modules/coffee-script": {
      "version": "1.3.3",
      "resolved": "https://registry.npmjs.org/coffee-script/-/coffee-script-1.3.3.tgz",
      "integrity": "sha1-FQ1rTLUiiUNp7+1qIQHCC8f0pPQ=",
      "deprecated": "CoffeeScript on NPM has moved to \"coffeescript\" (no hyphen)",
      "dev": true,
      "bin": {
        "cake": "bin/cake",
        "coffee": "bin/coffee"
      },
      "engines": {
        "node": ">=0.4.0"
      }
    },
    "node_modules/colors": {
      "version": "0.6.2",
      "resolved": "https://registry.npmjs.org/colors/-/colors-0.6.2.tgz",
      "integrity": "sha1-JCP+ZnisDF2uiFLl0OW+CMmXq8w=",
      "dev": true,
      "engines": {
        "node": ">=0.1.90"
      }
    },
    "node_modules/commander": {
      "version": "2.0.0",
      "resolved": "https://registry.npmjs.org/commander/-/commander-2.0.0.tgz",
      "integrity": "sha512-qebjpyeaA/nJ4w3EO2cV2++/zEkccPnjWogzA2rff+Lk8ILI75vULeTmyd4wPxWdKwtP3J+G39IXVZadh0UHyw==",
      "dev": true,
      "engines": {
        "node": ">= 0.6.x"
      }
    },
    "node_modules/compressible": {
      "version": "1.0.0",
      "resolved": "https://registry.npmjs.org/compressible/-/compressible-1.0.0.tgz",
      "integrity": "sha1-+D5JwcthQhdTVFElqAEdaLSSQn0=",
      "dev": true
    },
    "node_modules/connect": {
      "version": "2.13.1",
      "resolved": "https://registry.npmjs.org/connect/-/connect-2.13.1.tgz",
      "integrity": "sha1-qrgr6fB2WkI6qZQxq5IqqoCBqiI=",
      "deprecated": "connect 2.x series is deprecated",
      "dev": true,
      "dependencies": {
        "batch": "0.5.0",
        "buffer-crc32": "0.2.1",
        "bytes": "0.2.1",
        "compressible": "1.0.0",
        "cookie": "0.1.0",
        "cookie-signature": "1.0.1",
        "debug": ">= 0.7.3 < 1",
        "fresh": "0.2.0",
        "methods": "0.1.0",
        "multiparty": "2.2.0",
        "negotiator": "0.3.0",
        "pause": "0.0.1",
        "qs": "0.6.6",
        "raw-body": "1.1.3",
        "send": "0.1.4",
        "uid2": "0.0.3"
      },
      "engines": {
        "node": ">= 0.8.0"
      }
    },
    "node_modules/connect-livereload": {
      "version": "0.3.2",
      "resolved": "https://registry.npmjs.org/connect-livereload/-/connect-livereload-0.3.2.tgz",
      "integrity": "sha1-3bcKpQkB1YN4NmJ3Dj07Y9fOQP8=",
      "dev": true,
      "engines": {
        "node": "*"
      }
    },
    "node_modules/console-browserify": {
      "version": "0.1.6",
      "resolved": "https://registry.npmjs.org/console-browserify/-/console-browserify-0.1.6.tgz",
      "integrity": "sha1-0SijwLuINQ61YmxufHGm8P1ImDw=",
      "dev": true
    },
    "node_modules/constantinople": {
      "version": "1.0.2",
      "resolved": "https://registry.npmjs.org/constantinople/-/constantinople-1.0.2.tgz",
      "integrity": "sha512-n1hD02YqQHUsLQIJ7oW37kiXf+qFESnoaIUuX9BumnykBDUzB75LBpeQ7fIBHI3+bHvDaFksvISIa9n+UjUyKA==",
      "deprecated": "Please update to at least constantinople 3.1.1",
      "dev": true,
      "dependencies": {
        "uglify-js": "~2.4.0"
      }
    },
    "node_modules/constantinople/node_modules/async": {
      "version": "0.2.10",
      "resolved": "https://registry.npmjs.org/async/-/async-0.2.10.tgz",
      "integrity": "sha512-eAkdoKxU6/LkKDBzLpT+t6Ff5EtfSF4wx1WfJiPEEV7WNLnDaRXk0oVysiEPm262roaachGexwUv94WhSgN5TQ==",
      "dev": true
    },
    "node_modules/constantinople/node_modules/source-map": {
      "version": "0.1.34",
      "resolved": "https://registry.npmjs.org/source-map/-/source-map-0.1.34.tgz",
      "integrity": "sha512-yfCwDj0vR9RTwt3pEzglgb3ZgmcXHt6DjG3bjJvzPwTL+5zDQ2MhmSzAcTy0GTiQuCiriSWXvWM1/NhKdXuoQA==",
      "dev": true,
      "dependencies": {
        "amdefine": ">=0.0.4"
      },
      "engines": {
        "node": ">=0.8.0"
      }
    },
    "node_modules/constantinople/node_modules/uglify-js": {
      "version": "2.4.24",
      "resolved": "https://registry.npmjs.org/uglify-js/-/uglify-js-2.4.24.tgz",
      "integrity": "sha512-tktIjwackfZLd893KGJmXc1hrRHH1vH9Po3xFh1XBjjeGAnN02xJ3SuoA+n1L29/ZaCA18KzCFlckS+vfPugiA==",
      "dev": true,
      "dependencies": {
        "async": "~0.2.6",
        "source-map": "0.1.34",
        "uglify-to-browserify": "~1.0.0",
        "yargs": "~3.5.4"
      },
      "bin": {
        "uglifyjs": "bin/uglifyjs"
      },
      "engines": {
        "node": ">=0.4.0"
      }
    },
    "node_modules/cookie": {
      "version": "0.1.0",
      "resolved": "https://registry.npmjs.org/cookie/-/cookie-0.1.0.tgz",
      "integrity": "sha1-kOtGndzpBchm3mh+/EMTHYgB+dA=",
      "dev": true,
      "engines": {
        "node": "*"
      }
    },
    "node_modules/cookie-signature": {
      "version": "1.0.1",
      "resolved": "https://registry.npmjs.org/cookie-signature/-/cookie-signature-1.0.1.tgz",
      "integrity": "sha1-ROByFIrwHm6OJK+/EmkNaK5pjss=",
      "dev": true
    },
    "node_modules/core-util-is": {
      "version": "1.0.3",
      "resolved": "https://registry.npmjs.org/core-util-is/-/core-util-is-1.0.3.tgz",
      "integrity": "sha512-ZQBvi1DcpJ4GDqanjucZ2Hj3wEO5pZDS89BWbkcrvdxksJorwUDDZamX9ldFkp9aw2lmBDLgkObEA4DWNJ9FYQ==",
      "dev": true
    },
    "node_modules/css": {
      "version": "1.0.8",
      "resolved": "https://registry.npmjs.org/css/-/css-1.0.8.tgz",
      "integrity": "sha512-qmTYWhHk910nQWnGqMAiWWPQlB6tESiWgNebQJmiozOAGcBAQ1+U/UzUOkhdrcshlkSRRiKWodwmVvO0OmnIGg==",
      "dev": true,
      "dependencies": {
        "css-parse": "1.0.4",
        "css-stringify": "1.0.5"
      }
    },
    "node_modules/css-parse": {
      "version": "1.0.4",
      "resolved": "https://registry.npmjs.org/css-parse/-/css-parse-1.0.4.tgz",
      "integrity": "sha512-pfstzKVRZiHprDXdsmtfH1HYUEw22lzjuHdnpe1hscwoQvgW2C5zDQIBE0RKoALEReTn9W1ECdY8uaT/kO4VfA==",
      "dev": true
    },
    "node_modules/css-stringify": {
      "version": "1.0.5",
      "resolved": "https://registry.npmjs.org/css-stringify/-/css-stringify-1.0.5.tgz",
      "integrity": "sha512-aIThpcErhG5EyHorGqNlTh0TduNBqLrrXLO3x5rku3ZKBxuVfY+T7noyM2G2X/01iQANqJUb6d3+FLoa+N7Xwg==",
      "dev": true
    },
    "node_modules/cssom": {
      "version": "0.2.5",
      "resolved": "https://registry.npmjs.org/cssom/-/cssom-0.2.5.tgz",
      "integrity": "sha1-JoJwm1kC5yEt9SkRb/eIzVslSJQ=",
      "dev": true,
      "engines": {
        "node": ">=0.2.0"
      }
    },
    "node_modules/dateformat": {
      "version": "1.0.2-1.2.3",
      "resolved": "https://registry.npmjs.org/dateformat/-/dateformat-1.0.2-1.2.3.tgz",
      "integrity": "sha1-sCIMAt6YYXQztyhRz0fePfLNvuk=",
      "dev": true,
      "engines": {
        "node": "*"
      }
    },
    "node_modules/debug": {
      "version": "0.8.1",
      "resolved": "https://registry.npmjs.org/debug/-/debug-0.8.1.tgz",
      "integrity": "sha1-IP9NJvXkIstoobrLu2EDmtjBwTA=",
      "dev": true,
      "engines": {
        "node": "*"
      }
    },
    "node_modules/decamelize": {
      "version": "1.2.0",
      "resolved": "https://registry.npmjs.org/decamelize/-/decamelize-1.2.0.tgz",
      "integrity": "sha512-z2S+W9X73hAUUki+N+9Za2lBlun89zigOyGrsax+KUQ6wKW4ZoWpEYBkGhQjwAjjDCkWxhY0VKEhk8wzY7F5cA==",
      "dev": true,
      "engines": {
        "node": ">=0.10.0"
      }
    },
    "node_modules/ejs": {
      "version": "0.8.8",
      "resolved": "https://registry.npmjs.org/ejs/-/ejs-0.8.8.tgz",
      "integrity": "sha1-/9xW3MNdApJt1QrRNDm7xUBh1Zg=",
      "deprecated": "Critical security bugs fixed in 2.5.5",
      "dev": true
    },
    "node_modules/esprima": {
      "version": "1.0.4",
      "resolved": "https://registry.npmjs.org/esprima/-/esprima-1.0.4.tgz",
      "integrity": "sha1-n1V+CPw7TSbs6d00+Pv0drYlha0=",
      "dev": true,
      "bin": {
        "esparse": "bin/esparse.js",
        "esvalidate": "bin/esvalidate.js"
      },
      "engines": {
        "node": ">=0.4.0"
      }
    },
    "node_modules/eventemitter2": {
      "version": "0.4.14",
      "resolved": "https://registry.npmjs.org/eventemitter2/-/eventemitter2-0.4.14.tgz",
      "integrity": "sha1-j2G3XN4BKy6esoTUVFWDtWQ7Yas=",
      "dev": true
    },
    "node_modules/exit": {
      "version": "0.1.2",
      "resolved": "https://registry.npmjs.org/exit/-/exit-0.1.2.tgz",
      "integrity": "sha1-BjJjj42HfMghB9MKD/8aF8uhzQw=",
      "dev": true,
      "engines": {
        "node": ">= 0.8.0"
      }
    },
    "node_modules/faye-websocket": {
      "version": "0.4.4",
      "resolved": "https://registry.npmjs.org/faye-websocket/-/faye-websocket-0.4.4.tgz",
      "integrity": "sha1-wUxbO/FNdBf/v9mQwKdJXNnzN7w=",
      "dev": true,
      "engines": {
        "node": ">=0.4.0"
      }
    },
    "node_modules/fileset": {
      "version": "0.1.8",
      "resolved": "https://registry.npmjs.org/fileset/-/fileset-0.1.8.tgz",
      "integrity": "sha1-UGuRqTluqn4y+0KoQHfHoMc2t0E=",
      "dev": true,
      "dependencies": {
        "glob": "3.x",
        "minimatch": "0.x"
      }
    },
    "node_modules/findup-sync": {
      "version": "0.1.3",
      "resolved": "https://registry.npmjs.org/findup-sync/-/findup-sync-0.1.3.tgz",
      "integrity": "sha1-fz56l7gjksZTvwZYm9hRkOk8NoM=",
      "dev": true,
      "dependencies": {
        "glob": "~3.2.9",
        "lodash": "~2.4.1"
      },
      "engines": {
        "node": ">= 0.6.0"
      }
    },
    "node_modules/findup-sync/node_modules/glob": {
      "version": "3.2.11",
      "resolved": "https://registry.npmjs.org/glob/-/glob-3.2.11.tgz",
      "integrity": "sha1-Spc/Y1uRkPcV0QmH1cAP0oFevj0=",
      "deprecated": "Glob versions prior to v9 are no longer supported",
      "dev": true,
      "dependencies": {
        "inherits": "2",
        "minimatch": "0.3"
      },
      "engines": {
        "node": "*"
      }
    },
    "node_modules/findup-sync/node_modules/lodash": {
      "version": "2.4.2",
      "resolved": "https://registry.npmjs.org/lodash/-/lodash-2.4.2.tgz",
      "integrity": "sha1-+t2DS5aDBz2hebPq5tnA0VBT9z4=",
      "dev": true,
      "engines": [
        "node",
        "rhino"
      ]
    },
    "node_modules/findup-sync/node_modules/minimatch": {
      "version": "0.3.0",
      "resolved": "https://registry.npmjs.org/minimatch/-/minimatch-0.3.0.tgz",
      "integrity": "sha1-J12O2qxPG7MyZHIInnlJyDlGmd0=",
      "deprecated": "Please update to minimatch 3.0.2 or higher to avoid a RegExp DoS issue",
      "dev": true,
      "dependencies": {
        "lru-cache": "2",
        "sigmund": "~1.0.0"
      },
      "engines": {
        "node": "*"
      }
    },
    "node_modules/fresh": {
      "version": "0.2.0",
      "resolved": "https://registry.npmjs.org/fresh/-/fresh-0.2.0.tgz",
      "integrity": "sha1-v9lALPPfEsSkwxDHn5mj3eE9NKc=",
      "dev": true
    },
    "node_modules/gaze": {
      "version": "0.3.4",
      "resolved": "https://registry.npmjs.org/gaze/-/gaze-0.3.4.tgz",
      "integrity": "sha1-X5S92gr+U7xxCWm81vKCVI1gwnk=",
      "dev": true,
      "dependencies": {
        "fileset": "~0.1.5",
        "minimatch": "~0.2.9"
      },
      "engines": {
        "node": ">= 0.6.0"
      }
    },
    "node_modules/getobject": {
      "version": "0.1.0",
      "resolved": "https://registry.npmjs.org/getobject/-/getobject-0.1.0.tgz",
      "integrity": "sha1-BHpEl4n6Fg0Bj1SG7ZEyC27HiFw=",
      "dev": true,
      "engines": {
        "node": ">= 0.8.0"
      }
    },
    "node_modules/glob": {
      "version": "3.1.21",
      "resolved": "https://registry.npmjs.org/glob/-/glob-3.1.21.tgz",
      "integrity": "sha1-0p4KBV3qUTj00H7UDomC6DwgZs0=",
      "deprecated": "Glob versions prior to v9 are no longer supported",
      "dev": true,
      "dependencies": {
        "graceful-fs": "~1.2.0",
        "inherits": "1",
        "minimatch": "~0.2.11"
      },
      "engines": {
        "node": "*"
      }
    },
    "node_modules/glob/node_modules/inherits": {
      "version": "1.0.2",
      "resolved": "https://registry.npmjs.org/inherits/-/inherits-1.0.2.tgz",
      "integrity": "sha1-ykMJ2t7mtUzAuNJH6NfHoJdb3Js=",
      "dev": true
    },
    "node_modules/graceful-fs": {
      "version": "1.2.3",
      "resolved": "https://registry.npmjs.org/graceful-fs/-/graceful-fs-1.2.3.tgz",
      "integrity": "sha1-FaSAaldUfLLS2/J/QuiajDRRs2Q=",
      "deprecated": "please upgrade to graceful-fs 4 for compatibility with current and future versions of Node.js",
      "dev": true,
      "engines": {
        "node": ">=0.4.0"
      }
    },
    "node_modules/grunt": {
      "version": "0.4.5",
      "resolved": "https://registry.npmjs.org/grunt/-/grunt-0.4.5.tgz",
      "integrity": "sha1-VpN81RlDJK3/bSB2MYMqnWuk5/A=",
      "dev": true,
      "dependencies": {
        "async": "~0.1.22",
        "coffee-script": "~1.3.3",
        "colors": "~0.6.2",
        "dateformat": "1.0.2-1.2.3",
        "eventemitter2": "~0.4.13",
        "exit": "~0.1.1",
        "findup-sync": "~0.1.2",
        "getobject": "~0.1.0",
        "glob": "~3.1.21",
        "grunt-legacy-log": "~0.1.0",
        "grunt-legacy-util": "~0.2.0",
        "hooker": "~0.2.3",
        "iconv-lite": "~0.2.11",
        "js-yaml": "~2.0.5",
        "lodash": "~0.9.2",
        "minimatch": "~0.2.12",
        "nopt": "~1.0.10",
        "rimraf": "~2.2.8",
        "underscore.string": "~2.2.1",
        "which": "~1.0.5"
      },
      "engines": {
        "node": ">= 0.8.0"
      }
    },
    "node_modules/grunt-contrib-clean": {
      "version": "0.4.1",
      "resolved": "https://registry.npmjs.org/grunt-contrib-clean/-/grunt-contrib-clean-0.4.1.tgz",
      "integrity": "sha1-f49G4vKnGH6cLQg6swJiqmpk4zQ=",
      "dev": true,
      "engines": {
        "node": ">= 0.8.0"
      },
      "peerDependencies": {
        "grunt": "~0.4.0"
      }
    },
    "node_modules/grunt-contrib-connect": {
      "version": "0.7.1",
      "resolved": "https://registry.npmjs.org/grunt-contrib-connect/-/grunt-contrib-connect-0.7.1.tgz",
      "integrity": "sha1-ytjeRFqBBbNJEtHCAjjM6Y3BPr4=",
      "dev": true,
      "dependencies": {
        "async": "~0.2.10",
        "connect": "~2.13.0",
        "connect-livereload": "~0.3.0",
        "open": "0.0.4",
        "portscanner": "0.2.2"
      },
      "engines": {
        "node": ">= 0.8.0"
      },
      "peerDependencies": {
        "grunt": "~0.4.0"
      }
    },
    "node_modules/grunt-contrib-connect/node_modules/async": {
      "version": "0.2.10",
      "resolved": "https://registry.npmjs.org/async/-/async-0.2.10.tgz",
      "integrity": "sha1-trvgsGdLnXGXCMo43owjfLUmw9E=",
      "dev": true
    },
    "node_modules/grunt-contrib-copy": {
      "version": "0.4.1",
      "resolved": "https://registry.npmjs.org/grunt-contrib-copy/-/grunt-contrib-copy-0.4.1.tgz",
      "integrity": "sha1-8HU7QK4hu3BtrvsLKZ4DzfX6nW4=",
      "dev": true,
      "engines": {
        "node": ">= 0.8.0"
      },
      "peerDependencies": {
        "grunt": "~0.4.0"
      }
    },
    "node_modules/grunt-contrib-jshint": {
      "version": "0.6.5",
      "resolved": "https://registry.npmjs.org/grunt-contrib-jshint/-/grunt-contrib-jshint-0.6.5.tgz",
      "integrity": "sha1-OvtGdnRTZMxKGe7nk0wOBgCLVm4=",
      "dev": true,
      "dependencies": {
        "jshint": "~2.1.10"
      },
      "engines": {
        "node": ">= 0.8.0"
      },
      "peerDependencies": {
        "grunt": "~0.4.0"
      }
    },
    "node_modules/grunt-contrib-stylus": {
      "version": "0.5.1",
      "resolved": "https://registry.npmjs.org/grunt-contrib-stylus/-/grunt-contrib-stylus-0.5.1.tgz",
      "integrity": "sha1-bb4fYZ6zG12BEaxd/KqCpnfryRo=",
      "dev": true,
      "dependencies": {
        "nib": "~0.9.0",
        "stylus": "~0.32.1"
      },
      "engines": {
        "node": ">= 0.8.0"
      },
      "peerDependencies": {
        "grunt": "~0.4.0"
      }
    },
    "node_modules/grunt-contrib-watch": {
      "version": "0.4.4",
      "resolved": "https://registry.npmjs.org/grunt-contrib-watch/-/grunt-contrib-watch-0.4.4.tgz",
      "integrity": "sha1-Mg/HfFzTO3PlRGzZ7ZGWEhFqpjw=",
      "dev": true,
      "dependencies": {
        "gaze": "~0.3.4",
        "tiny-lr": "0.0.4"
      },
      "engines": {
        "node": ">= 0.8.0"
      },
      "peerDependencies": {
        "grunt": "~0.4.0"
      }
    },
    "node_modules/grunt-legacy-log": {
      "version": "0.1.3",
      "resolved": "https://registry.npmjs.org/grunt-legacy-log/-/grunt-legacy-log-0.1.3.tgz",
      "integrity": "sha1-7ClCboAwIa9ZAp+H0vnNczWgVTE=",
      "dev": true,
      "dependencies": {
        "colors": "~0.6.2",
        "grunt-legacy-log-utils": "~0.1.1",
        "hooker": "~0.2.3",
        "lodash": "~2.4.1",
        "underscore.string": "~2.3.3"
      },
      "engines": {
        "node": ">= 0.8.0"
      }
    },
    "node_modules/grunt-legacy-log-utils": {
      "version": "0.1.1",
      "resolved": "https://registry.npmjs.org/grunt-legacy-log-utils/-/grunt-legacy-log-utils-0.1.1.tgz",
      "integrity": "sha1-wHBrndkGThFvNvI/5OawSGcsD34=",
      "dev": true,
      "dependencies": {
        "colors": "~0.6.2",
        "lodash": "~2.4.1",
        "underscore.string": "~2.3.3"
      },
      "engines": {
        "node": ">= 0.8.0"
      }
    },
    "node_modules/grunt-legacy-log-utils/node_modules/lodash": {
      "version": "2.4.2",
      "resolved": "https://registry.npmjs.org/lodash/-/lodash-2.4.2.tgz",
      "integrity": "sha1-+t2DS5aDBz2hebPq5tnA0VBT9z4=",
      "dev": true,
      "engines": [
        "node",
        "rhino"
      ]
    },
    "node_modules/grunt-legacy-log-utils/node_modules/underscore.string": {
      "version": "2.3.3",
      "resolved": "https://registry.npmjs.org/underscore.string/-/underscore.string-2.3.3.tgz",
      "integrity": "sha1-ccCL9rQosRM/N+ePo6Icgvcymw0=",
      "dev": true,
      "engines": {
        "node": "*"
      }
    },
    "node_modules/grunt-legacy-log/node_modules/lodash": {
      "version": "2.4.2",
      "resolved": "https://registry.npmjs.org/lodash/-/lodash-2.4.2.tgz",
      "integrity": "sha1-+t2DS5aDBz2hebPq5tnA0VBT9z4=",
      "dev": true,
      "engines": [
        "node",
        "rhino"
      ]
    },
    "node_modules/grunt-legacy-log/node_modules/underscore.string": {
      "version": "2.3.3",
      "resolved": "https://registry.npmjs.org/underscore.string/-/underscore.string-2.3.3.tgz",
      "integrity": "sha1-ccCL9rQosRM/N+ePo6Icgvcymw0=",
      "dev": true,
      "engines": {
        "node": "*"
      }
    },
    "node_modules/grunt-legacy-util": {
      "version": "0.2.0",
      "resolved": "https://registry.npmjs.org/grunt-legacy-util/-/grunt-legacy-util-0.2.0.tgz",
      "integrity": "sha1-kzJIhNv343qf98Am3/RR2UqeVUs=",
      "dev": true,
      "dependencies": {
        "async": "~0.1.22",
        "exit": "~0.1.1",
        "getobject": "~0.1.0",
        "hooker": "~0.2.3",
        "lodash": "~0.9.2",
        "underscore.string": "~2.2.1",
        "which": "~1.0.5"
      },
      "engines": {
        "node": ">= 0.8.0"
      }
    },
    "node_modules/grunt-pages": {
      "version": "0.11.2",
      "resolved": "https://registry.npmjs.org/grunt-pages/-/grunt-pages-0.11.2.tgz",
      "integrity": "sha512-dPpoBAMPXTnMU9qyw5tVWqT7F3fuUryThm0jOZP4Oy2ZEqYkENX7FuaFeJkSWGCgDHp6mSiK9Sos/Ua1Gj1OLw==",
      "dev": true,
      "dependencies": {
        "colors": "~0.6.0-1",
        "ejs": "~0.8.4",
        "handlebars": "~1.3.0",
        "jade": "~1.0.0",
        "lodash": "~2.4.1",
        "marked": "~0.3.0",
        "node-fs": "~0.1.7",
        "pygmentize-bundled": "~2.1.0",
        "rss": "~0.2.0"
      },
      "peerDependencies": {
        "grunt": "~0.4.1"
      }
    },
    "node_modules/grunt-pages/node_modules/lodash": {
      "version": "2.4.2",
      "resolved": "https://registry.npmjs.org/lodash/-/lodash-2.4.2.tgz",
      "integrity": "sha512-Kak1hi6/hYHGVPmdyiZijoQyz5x2iGVzs6w9GYB/HiXEtylY7tIoYEROMjvM1d9nXJqPOrG2MNPMn01bJ+S0Rw==",
      "dev": true,
      "engines": [
        "node",
        "rhino"
      ]
    },
    "node_modules/handlebars": {
      "version": "1.3.0",
      "resolved": "https://registry.npmjs.org/handlebars/-/handlebars-1.3.0.tgz",
      "integrity": "sha512-l7sLUTqXCkc1Ypoy8mSOWZFEZJK3VYQYnLfIVTRJeSHdgzt6hXkQ0uPGugydPa99KyyBdsi0J3WvYfm/HX5naQ==",
      "dev": true,
      "dependencies": {
        "optimist": "~0.3"
      },
      "bin": {
        "handlebars": "bin/handlebars"
      },
      "engines": {
        "node": ">=0.4.7"
      },
      "optionalDependencies": {
        "uglify-js": "~2.3"
      }
    },
    "node_modules/hooker": {
      "version": "0.2.3",
      "resolved": "https://registry.npmjs.org/hooker/-/hooker-0.2.3.tgz",
      "integrity": "sha1-uDT3I8xKJCqmWWNFnfbZhMXT2Vk=",
      "dev": true,
      "engines": {
        "node": "*"
      }
    },
    "node_modules/iconv-lite": {
      "version": "0.2.11",
      "resolved": "https://registry.npmjs.org/iconv-lite/-/iconv-lite-0.2.11.tgz",
      "integrity": "sha1-HOYKOleGSiktEyH/RgnKS7llrcg=",
      "dev": true,
      "engines": {
        "node": ">=0.4.0"
      }
    },
    "node_modules/inherits": {
      "version": "2.0.4",
      "resolved": "https://registry.npmjs.org/inherits/-/inherits-2.0.4.tgz",
      "integrity": "sha512-k/vGaX4/Yla3WzyMCvTQOXYeIHvqOKtnqBduzTHpzpQZzAskKMhZ2K+EnBiSM9zGSoIFeMpXKxa4dYeZIQqewQ==",
      "dev": true
    },
    "node_modules/is-promise": {
      "version": "1.0.1",
      "resolved": "https://registry.npmjs.org/is-promise/-/is-promise-1.0.1.tgz",
      "integrity": "sha512-mjWH5XxnhMA8cFnDchr6qRP9S/kLntKuEfIYku+PaN1CnS8v+OG9O/BKpRCVRJvpIkgAZm0Pf5Is3iSSOILlcg==",
      "dev": true
    },
    "node_modules/isarray": {
      "version": "0.0.1",
      "resolved": "https://registry.npmjs.org/isarray/-/isarray-0.0.1.tgz",
      "integrity": "sha1-ihis/Kmo9Bd+Cav8YDiTmwXR7t8=",
      "dev": true
    },
    "node_modules/jade": {
      "version": "1.0.2",
      "resolved": "https://registry.npmjs.org/jade/-/jade-1.0.2.tgz",
      "integrity": "sha512-Q2KMBz6B9VyXivOzHwrv4Vd6o6XGfgqRqp3F1jnNyCQ5xAEOi8eOvbwD9wkx0FsmZYhTW3hwbTIQVtVZ86mvqA==",
      "deprecated": "Jade has been renamed to pug, please install the latest version of pug instead of jade",
      "dev": true,
      "dependencies": {
        "character-parser": "1.2.0",
        "commander": "2.0.0",
        "constantinople": "~1.0.2",
        "mkdirp": "~0.3.5",
        "monocle": "1.1.50",
        "transformers": "2.1.0",
        "with": "~2.0.0"
      },
      "bin": {
        "jade": "bin/jade.js"
      }
    },
    "node_modules/js-yaml": {
      "version": "2.0.5",
      "resolved": "https://registry.npmjs.org/js-yaml/-/js-yaml-2.0.5.tgz",
      "integrity": "sha1-olrmUJmZ6X3yeMZxnaEb0Gh3Q6g=",
      "dev": true,
      "dependencies": {
        "argparse": "~ 0.1.11",
        "esprima": "~ 1.0.2"
      },
      "bin": {
        "js-yaml": "bin/js-yaml.js"
      },
      "engines": {
        "node": ">= 0.6.0"
      }
    },
    "node_modules/jshint": {
      "version": "2.1.11",
      "resolved": "https://registry.npmjs.org/jshint/-/jshint-2.1.11.tgz",
      "integrity": "sha1-61EI/vm6Xd67gwmD9XLSQuSeP5Y=",
      "dev": true,
      "dependencies": {
        "cli": "0.4.x",
        "console-browserify": "0.1.x",
        "minimatch": "0.x.x",
        "shelljs": "0.1.x",
        "underscore": "1.4.x"
      },
      "bin": {
        "jshint": "bin/jshint"
      }
    },
    "node_modules/jshint/node_modules/underscore": {
      "version": "1.4.4",
      "resolved": "https://registry.npmjs.org/underscore/-/underscore-1.4.4.tgz",
      "integrity": "sha1-YaajIBBiKvoHljvzJSA88SI51gQ=",
      "dev": true
    },
    "node_modules/lodash": {
      "version": "0.9.2",
      "resolved": "https://registry.npmjs.org/lodash/-/lodash-0.9.2.tgz",
      "integrity": "sha1-jzSZxSRdNG1oLlsNO0B2fgnxqSw=",
      "dev": true,
      "engines": [
        "node",
        "rhino"
      ]
    },
    "node_modules/lru-cache": {
      "version": "2.7.3",
      "resolved": "https://registry.npmjs.org/lru-cache/-/lru-cache-2.7.3.tgz",
      "integrity": "sha1-bUUk6LlV+V1PW1iFHOId1y+06VI=",
      "dev": true
    },
    "node_modules/marked": {
      "version": "0.3.19",
      "resolved": "https://registry.npmjs.org/marked/-/marked-0.3.19.tgz",
      "integrity": "sha512-ea2eGWOqNxPcXv8dyERdSr/6FmzvWwzjMxpfGB/sbMccXoct+xY+YukPD+QTUZwyvK7BZwcr4m21WBOW41pAkg==",
      "dev": true,
      "bin": {
        "marked": "bin/marked"
      },
      "engines": {
        "node": ">=0.10.0"
      }
    },
    "node_modules/methods": {
      "version": "0.1.0",
      "resolved": "https://registry.npmjs.org/methods/-/methods-0.1.0.tgz",
      "integrity": "sha1-M11Cnu/SG3us8unJIqjSvRSjDk8=",
      "dev": true
    },
    "node_modules/mime": {
      "version": "1.2.11",
      "resolved": "https://registry.npmjs.org/mime/-/mime-1.2.11.tgz",
      "integrity": "sha1-WCA+7Ybjpe8XrtK32evUfwpg3RA=",
      "dev": true
    },
    "node_modules/minimatch": {
      "version": "0.2.14",
      "resolved": "https://registry.npmjs.org/minimatch/-/minimatch-0.2.14.tgz",
      "integrity": "sha1-x054BXT2PG+aCQ6Q775u9TpqdWo=",
      "deprecated": "Please update to minimatch 3.0.2 or higher to avoid a RegExp DoS issue",
      "dev": true,
      "dependencies": {
        "lru-cache": "2",
        "sigmund": "~1.0.0"
      },
      "engines": {
        "node": "*"
      }
    },
    "node_modules/mkdirp": {
      "version": "0.3.5",
      "resolved": "https://registry.npmjs.org/mkdirp/-/mkdirp-0.3.5.tgz",
      "integrity": "sha1-3j5fiWHIjHh+4TaN+EmsRBPsqNc=",
      "deprecated": "Legacy versions of mkdirp are no longer supported. Please update to mkdirp 1.x. (Note that the API surface has changed to use Promises in 1.x.)",
      "dev": true
    },
    "node_modules/moment": {
      "version": "2.1.0",
      "resolved": "https://registry.npmjs.org/moment/-/moment-2.1.0.tgz",
      "integrity": "sha1-H9exE0ApqVPG6jcduu43WYrANWc=",
      "dev": true,
      "engines": {
        "node": "*"
      }
    },
    "node_modules/monocle": {
      "version": "1.1.50",
      "resolved": "https://registry.npmjs.org/monocle/-/monocle-1.1.50.tgz",
      "integrity": "sha512-vwHHIM9xp6ARQ82nvZSLMlVUI42BHJIxc4DYGEiKo192fryV1Dr7aWmVwPhDNlbawrmrT/GrGUYMYO50AyRMcw==",
      "dev": true,
      "dependencies": {
        "readdirp": "~0.2.3"
      }
    },
    "node_modules/multiparty": {
      "version": "2.2.0",
      "resolved": "https://registry.npmjs.org/multiparty/-/multiparty-2.2.0.tgz",
      "integrity": "sha1-pWfCrwAK0i3I8qZT2Rl4rh9TFvQ=",
      "dev": true,
      "dependencies": {
        "readable-stream": "~1.1.9",
        "stream-counter": "~0.2.0"
      },
      "engines": {
        "node": ">=0.8.0"
      }
    },
    "node_modules/negotiator": {
      "version": "0.3.0",
      "resolved": "https://registry.npmjs.org/negotiator/-/negotiator-0.3.0.tgz",
      "integrity": "sha1-cG1pLv7d9XTVfqn7GriaT6fuj2A=",
      "dev": true,
      "engines": {
        "node": "*"
      }
    },
    "node_modules/nib": {
      "version": "0.9.2",
      "resolved": "https://registry.npmjs.org/nib/-/nib-0.9.2.tgz",
      "integrity": "sha1-8UVwzQyaN2CbO2YqXm/I+xxsJp4=",
      "dev": true,
      "dependencies": {
        "stylus": "0.31.x"
      },
      "engines": {
        "node": "*"
      }
    },
    "node_modules/nib/node_modules/stylus": {
      "version": "0.31.0",
      "resolved": "https://registry.npmjs.org/stylus/-/stylus-0.31.0.tgz",
      "integrity": "sha1-tPgHqgZ/Bxq3B/LIrhQ6syEeUbI=",
      "dev": true,
      "dependencies": {
        "cssom": "0.2.x",
        "debug": "*",
        "mkdirp": "0.3.x"
      },
      "bin": {
        "stylus": "bin/stylus"
      },
      "engines": {
        "node": "*"
      }
    },
    "node_modules/node-fs": {
      "version": "0.1.7",
      "resolved": "https://registry.npmjs.org/node-fs/-/node-fs-0.1.7.tgz",
      "integrity": "sha512-XqDBlmUKgDGe76+lZ/0sRBF3XW2vVcK07+ZPvdpUTK8jrvtPahUd0aBqJ9+ZjB01ANjZLuvK3O/eoMVmz62rpA==",
      "dev": true,
      "os": [
        "linux",
        "darwin",
        "freebsd",
        "win32",
        "smartos",
        "sunos"
      ],
      "engines": {
        "node": ">=0.1.97"
      }
    },
    "node_modules/nopt": {
      "version": "1.0.10",
      "resolved": "https://registry.npmjs.org/nopt/-/nopt-1.0.10.tgz",
      "integrity": "sha1-bd0hvSoxQXuScn3Vhfim83YI6+4=",
      "dev": true,
      "dependencies": {
        "abbrev": "1"
      },
      "bin": {
        "nopt": "bin/nopt.js"
      },
      "engines": {
        "node": "*"
      }
    },
    "node_modules/noptify": {
      "version": "0.0.3",
      "resolved": "https://registry.npmjs.org/noptify/-/noptify-0.0.3.tgz",
      "integrity": "sha1-WPZUpz2XU98MUdlobckhBKZ/S7s=",
      "dev": true,
      "dependencies": {
        "nopt": "~2.0.0"
      }
    },
    "node_modules/noptify/node_modules/nopt": {
      "version": "2.0.0",
      "resolved": "https://registry.npmjs.org/nopt/-/nopt-2.0.0.tgz",
      "integrity": "sha1-ynQW8gpeP5w7hhgPlilfo9C1Lg0=",
      "dev": true,
      "dependencies": {
        "abbrev": "1"
      },
      "bin": {
        "nopt": "bin/nopt.js"
      }
    },
    "node_modules/object-keys": {
      "version": "0.4.0",
      "resolved": "https://registry.npmjs.org/object-keys/-/object-keys-0.4.0.tgz",
      "integrity": "sha512-ncrLw+X55z7bkl5PnUvHwFK9FcGuFYo9gtjws2XtSzL+aZ8tm830P60WJ0dSmFVaSalWieW5MD7kEdnXda9yJw==",
      "dev": true
    },
    "node_modules/open": {
      "version": "0.0.4",
      "resolved": "https://registry.npmjs.org/open/-/open-0.0.4.tgz",
      "integrity": "sha1-XeRqCFi59J+fIRqo8mYoVQZX8mI=",
      "dev": true,
      "engines": {
        "node": ">= 0.6.0"
      }
    },
    "node_modules/optimist": {
      "version": "0.3.7",
      "resolved": "https://registry.npmjs.org/optimist/-/optimist-0.3.7.tgz",
      "integrity": "sha512-TCx0dXQzVtSCg2OgY/bO9hjM9cV4XYx09TVK+s3+FhkjT6LovsLe+pPMzpWf+6yXK/hUizs2gUoTw3jHM0VaTQ==",
      "dev": true,
      "dependencies": {
        "wordwrap": "~0.0.2"
      }
    },
    "node_modules/pause": {
      "version": "0.0.1",
      "resolved": "https://registry.npmjs.org/pause/-/pause-0.0.1.tgz",
      "integrity": "sha1-HUCLP9t2kjuVQ9lvtMnf1TXZy10=",
      "dev": true
    },
    "node_modules/portscanner": {
      "version": "0.2.2",
      "resolved": "https://registry.npmjs.org/portscanner/-/portscanner-0.2.2.tgz",
      "integrity": "sha1-g5PuEoTm4a8/19X2BqL9N4zjdDg=",
      "dev": true,
      "dependencies": {
        "async": "0.1.15"
      },
      "engines": {
        "node": ">=0.4",
        "npm": ">=1.0.0"
      }
    },
    "node_modules/portscanner/node_modules/async": {
      "version": "0.1.15",
      "resolved": "https://registry.npmjs.org/async/-/async-0.1.15.tgz",
      "integrity": "sha1-IYDqyizypspSgNQcBYW+ybPkm9M=",
      "dev": true,
      "engines": {
        "node": "*"
      }
    },
    "node_modules/promise": {
      "version": "2.0.0",
      "resolved": "https://registry.npmjs.org/promise/-/promise-2.0.0.tgz",
      "integrity": "sha512-OgMc+sxI3zWF8D5BJGtA0z7/IsrDy1/0cPaDv6HPpqa2fSTo7AdON5U10NbZCUeF+zCAj3PtfPE50Hf02386aA==",
      "dev": true,
      "dependencies": {
        "is-promise": "~1"
      }
    },
    "node_modules/pygmentize-bundled": {
      "version": "2.1.1",
      "resolved": "https://registry.npmjs.org/pygmentize-bundled/-/pygmentize-bundled-2.1.1.tgz",
      "integrity": "sha512-Ki8YaimKjHoY2eOjaWdRVta72rj6UsoMYd1M+pVjeIBdEOYVCuSZsDlK2VzWM48mElA7WcPhcZePaVrDbwsyCg==",
      "deprecated": "no longer maintained",
      "dev": true,
      "dependencies": {
        "bl": "~0.4.1",
        "mkdirp": "~0.3.5",
        "readable-stream": "~1.0.17",
        "through2": "~0.2.1"
      }
    },
    "node_modules/pygmentize-bundled/node_modules/readable-stream": {
      "version": "1.0.34",
      "resolved": "https://registry.npmjs.org/readable-stream/-/readable-stream-1.0.34.tgz",
      "integrity": "sha512-ok1qVCJuRkNmvebYikljxJA/UEsKwLl2nI1OmaqAu4/UE+h0wKCHok4XkL/gvi39OacXvw59RJUOFUkDib2rHg==",
      "dev": true,
      "dependencies": {
        "core-util-is": "~1.0.0",
        "inherits": "~2.0.1",
        "isarray": "0.0.1",
        "string_decoder": "~0.10.x"
      }
    },
    "node_modules/qs": {
      "version": "0.6.6",
      "resolved": "https://registry.npmjs.org/qs/-/qs-0.6.6.tgz",
      "integrity": "sha1-bgFQmP9RlouKPIGQAdXyyJvEsQc=",
      "dev": true,
      "engines": {
        "node": "*"
      }
    },
    "node_modules/range-parser": {
      "version": "0.0.4",
      "resolved": "https://registry.npmjs.org/range-parser/-/range-parser-0.0.4.tgz",
      "integrity": "sha1-wEJ//vUcEKy6B4KkbJYC50T/Ygs=",
      "dev": true,
      "engines": {
        "node": "*"
      }
    },
    "node_modules/raw-body": {
      "version": "1.1.3",
      "resolved": "https://registry.npmjs.org/raw-body/-/raw-body-1.1.3.tgz",
      "integrity": "sha1-PS+R4kSSWcxnuMPOnwYdtbmHk1s=",
      "dev": true,
      "dependencies": {
        "bytes": "~0.2.1"
      },
      "engines": {
        "node": ">= 0.8.0"
      }
    },
    "node_modules/readable-stream": {
      "version": "1.1.14",
      "resolved": "https://registry.npmjs.org/readable-stream/-/readable-stream-1.1.14.tgz",
      "integrity": "sha1-fPTFTvZI44EwhMY23SB54WbAgdk=",
      "dev": true,
      "dependencies": {
        "core-util-is": "~1.0.0",
        "inherits": "~2.0.1",
        "isarray": "0.0.1",
        "string_decoder": "~0.10.x"
      }
    },
    "node_modules/readdirp": {
      "version": "0.2.5",
      "resolved": "https://registry.npmjs.org/readdirp/-/readdirp-0.2.5.tgz",
      "integrity": "sha512-j3/RLxRiCZSei/4UaYaOAqHa+rQ8ZL9vpolGO9E7mLXiVTb7Fu99eTG74ZmaB/4gCGgy7Veq+U6vw8y7sKJiTw==",
      "dev": true,
      "dependencies": {
        "minimatch": ">=0.2.4"
      },
      "engines": {
        "node": ">=0.4"
      }
    },
    "node_modules/rimraf": {
      "version": "2.2.8",
      "resolved": "https://registry.npmjs.org/rimraf/-/rimraf-2.2.8.tgz",
      "integrity": "sha1-5Dm+Kq7jJzIZUnMPmaiSnk/FBYI=",
      "deprecated": "Rimraf versions prior to v4 are no longer supported",
      "dev": true,
      "bin": {
        "rimraf": "bin.js"
      }
    },
    "node_modules/rss": {
      "version": "0.2.1",
      "resolved": "https://registry.npmjs.org/rss/-/rss-0.2.1.tgz",
      "integrity": "sha1-04ixyv5OrCqUIJbto9P2Bs0lEvo=",
      "dev": true,
      "dependencies": {
        "mime": "~1.2.11",
        "xml": "~0.0.4"
      },
      "engines": {
        "node": ">=0.4.0"
      }
    },
    "node_modules/send": {
      "version": "0.1.4",
      "resolved": "https://registry.npmjs.org/send/-/send-0.1.4.tgz",
      "integrity": "sha1-vnDY0b4B3mGCGvE3gLUDRaT3Gr0=",
      "dev": true,
      "dependencies": {
        "debug": "*",
        "fresh": "0.2.0",
        "mime": "~1.2.9",
        "range-parser": "0.0.4"
      }
    },
    "node_modules/shelljs": {
      "version": "0.1.4",
      "resolved": "https://registry.npmjs.org/shelljs/-/shelljs-0.1.4.tgz",
      "integrity": "sha1-37vnjVbDwBaNL7eeEOzR28sH7A4=",
      "dev": true,
      "bin": {
        "shjs": "bin/shjs"
      },
      "engines": {
        "node": "*"
      }
    },
    "node_modules/sigmund": {
      "version": "1.0.1",
      "resolved": "https://registry.npmjs.org/sigmund/-/sigmund-1.0.1.tgz",
      "integrity": "sha1-P/IfGYytIXX587eBhT/ZTQ0ZtZA=",
      "dev": true
    },
    "node_modules/source-map": {
      "version": "0.1.43",
      "resolved": "https://registry.npmjs.org/source-map/-/source-map-0.1.43.tgz",
      "integrity": "sha512-VtCvB9SIQhk3aF6h+N85EaqIaBFIAfZ9Cu+NJHHVvc8BbEcnvDcFw6sqQ2dQrT6SlOrZq3tIvyD9+EGq/lJryQ==",
      "dev": true,
      "dependencies": {
        "amdefine": ">=0.0.4"
      },
      "engines": {
        "node": ">=0.8.0"
      }
    },
    "node_modules/stream-counter": {
      "version": "0.2.0",
      "resolved": "https://registry.npmjs.org/stream-counter/-/stream-counter-0.2.0.tgz",
      "integrity": "sha1-3tJmVWMZyLDiIoErnPOyb6fZR94=",
      "dev": true,
      "dependencies": {
        "readable-stream": "~1.1.8"
      },
      "engines": {
        "node": ">=0.8.0"
      }
    },
    "node_modules/string_decoder": {
      "version": "0.10.31",
      "resolved": "https://registry.npmjs.org/string_decoder/-/string_decoder-0.10.31.tgz",
      "integrity": "sha1-YuIDvEF2bGwoyfyEMB2rHFMQ+pQ=",
      "dev": true
    },
    "node_modules/stylus": {
      "version": "0.32.1",
      "resolved": "https://registry.npmjs.org/stylus/-/stylus-0.32.1.tgz",
      "integrity": "sha1-PSgnW9nxgQhfjdD6UqhVlpaXghI=",
      "dev": true,
      "dependencies": {
        "cssom": "0.2.x",
        "debug": "*",
        "mkdirp": "0.3.x"
      },
      "bin": {
        "stylus": "bin/stylus"
      },
      "engines": {
        "node": "*"
      }
    },
    "node_modules/through2": {
      "version": "0.2.3",
      "resolved": "https://registry.npmjs.org/through2/-/through2-0.2.3.tgz",
      "integrity": "sha512-mLa8Bn2mZurjyomGKWRu3Bo2mvoQojFks9NvOK8H+k4kDJNkdEqG522KFZsEFBEl6rKkxTgFbE5+OPcgfvPEHA==",
      "dev": true,
      "dependencies": {
        "readable-stream": "~1.1.9",
        "xtend": "~2.1.1"
      }
    },
    "node_modules/tiny-lr": {
      "version": "0.0.4",
      "resolved": "https://registry.npmjs.org/tiny-lr/-/tiny-lr-0.0.4.tgz",
      "integrity": "sha1-gGGFR/Y/aX0Fy0DEwsSwg1Ia77Y=",
      "dev": true,
      "dependencies": {
        "debug": "~0.7.0",
        "faye-websocket": "~0.4.3",
        "noptify": "latest",
        "qs": "~0.5.2"
      },
      "bin": {
        "tiny-lr": "bin/tiny-lr"
      }
    },
    "node_modules/tiny-lr/node_modules/debug": {
      "version": "0.7.4",
      "resolved": "https://registry.npmjs.org/debug/-/debug-0.7.4.tgz",
      "integrity": "sha1-BuHqgILCyxTjmAbiLi9vdX+Srzk=",
      "dev": true,
      "engines": {
        "node": "*"
      }
    },
    "node_modules/tiny-lr/node_modules/qs": {
      "version": "0.5.6",
      "resolved": "https://registry.npmjs.org/qs/-/qs-0.5.6.tgz",
      "integrity": "sha1-MbGtBYVnZRxSaSFQa5qHk5EaA4Q=",
      "dev": true,
      "engines": {
        "node": "*"
      }
    },
    "node_modules/transformers": {
      "version": "2.1.0",
      "resolved": "https://registry.npmjs.org/transformers/-/transformers-2.1.0.tgz",
      "integrity": "sha512-zJf5m2EIOngmBbDe2fhTPpCjzM2qkZVqrFJZc2jaln+KBeEaYKhS2QMOIkfVrNUyoOwqgbTwOHATzr3jZRQDyg==",
      "deprecated": "Deprecated, use jstransformer",
      "dev": true,
      "dependencies": {
        "css": "~1.0.8",
        "promise": "~2.0",
        "uglify-js": "~2.2.5"
      }
    },
    "node_modules/transformers/node_modules/uglify-js": {
      "version": "2.2.5",
      "resolved": "https://registry.npmjs.org/uglify-js/-/uglify-js-2.2.5.tgz",
      "integrity": "sha512-viLk+/8G0zm2aKt1JJAVcz5J/5ytdiNaIsKgrre3yvSUjwVG6ZUujGH7E2TiPigZUwLYCe7eaIUEP2Zka2VJPA==",
      "dev": true,
      "dependencies": {
        "optimist": "~0.3.5",
        "source-map": "~0.1.7"
      },
      "bin": {
        "uglifyjs": "bin/uglifyjs"
      },
      "engines": {
        "node": ">=0.4.0"
      }
    },
    "node_modules/uglify-js": {
      "version": "2.3.6",
      "resolved": "https://registry.npmjs.org/uglify-js/-/uglify-js-2.3.6.tgz",
      "integrity": "sha512-T2LWWydxf5+Btpb0S/Gg/yKFmYjnX9jtQ4mdN9YRq73BhN21EhU0Dvw3wYDLqd3TooGUJlCKf3Gfyjjy/RTcWA==",
      "dev": true,
      "optional": true,
      "dependencies": {
        "async": "~0.2.6",
        "optimist": "~0.3.5",
        "source-map": "~0.1.7"
      },
      "bin": {
        "uglifyjs": "bin/uglifyjs"
      },
      "engines": {
        "node": ">=0.4.0"
      }
    },
    "node_modules/uglify-js/node_modules/async": {
      "version": "0.2.10",
      "resolved": "https://registry.npmjs.org/async/-/async-0.2.10.tgz",
      "integrity": "sha512-eAkdoKxU6/LkKDBzLpT+t6Ff5EtfSF4wx1WfJiPEEV7WNLnDaRXk0oVysiEPm262roaachGexwUv94WhSgN5TQ==",
      "dev": true,
      "optional": true
    },
    "node_modules/uglify-to-browserify": {
      "version": "1.0.2",
      "resolved": "https://registry.npmjs.org/uglify-to-browserify/-/uglify-to-browserify-1.0.2.tgz",
      "integrity": "sha512-vb2s1lYx2xBtUgy+ta+b2J/GLVUR+wmpINwHePmPRhOsIVCG2wDzKJ0n14GslH1BifsqVzSOwQhRaCAsZ/nI4Q==",
      "dev": true
    },
    "node_modules/uid2": {
      "version": "0.0.3",
      "resolved": "https://registry.npmjs.org/uid2/-/uid2-0.0.3.tgz",
      "integrity": "sha1-SDEm4Rd03y9xuLY53NeZw3YWK4I=",
      "dev": true
    },
    "node_modules/underscore": {
      "version": "1.7.0",
      "resolved": "https://registry.npmjs.org/underscore/-/underscore-1.7.0.tgz",
      "integrity": "sha1-a7rwh3UA02vjTsqlhODbn+8DUgk=",
      "dev": true
    },
    "node_modules/underscore.string": {
      "version": "2.2.1",
      "resolved": "https://registry.npmjs.org/underscore.string/-/underscore.string-2.2.1.tgz",
      "integrity": "sha1-18D6KvXVoaZ/QlPa7pgTLnM/Dxk=",
      "dev": true,
      "engines": {
        "node": "*"
      }
    },
    "node_modules/which": {
      "version": "1.0.9",
      "resolved": "https://registry.npmjs.org/which/-/which-1.0.9.tgz",
      "integrity": "sha1-RgwdoPgQED0DIam2M6+eV15kSG8=",
      "dev": true,
      "bin": {
        "which": "bin/which"
      }
    },
    "node_modules/window-size": {
      "version": "0.1.0",
      "resolved": "https://registry.npmjs.org/window-size/-/window-size-0.1.0.tgz",
      "integrity": "sha512-1pTPQDKTdd61ozlKGNCjhNRd+KPmgLSGa3mZTHoOliaGcESD8G1PXhh7c1fgiPjVbNVfgy2Faw4BI8/m0cC8Mg==",
      "dev": true,
      "engines": {
        "node": ">= 0.8.0"
      }
    },
    "node_modules/with": {
      "version": "2.0.0",
      "resolved": "https://registry.npmjs.org/with/-/with-2.0.0.tgz",
      "integrity": "sha512-/L15pzCA6pmui9RGkl98W/WdCqOnLbQjeNTI1HHP9xNlF8qRgphzu/YCyFg5g9Wd9RHBPUF/r/ZUWEU6K07NSQ==",
      "dev": true,
      "dependencies": {
        "uglify-js": "2.4.0"
      }
    },
    "node_modules/with/node_modules/async": {
      "version": "0.2.10",
      "resolved": "https://registry.npmjs.org/async/-/async-0.2.10.tgz",
      "integrity": "sha512-eAkdoKxU6/LkKDBzLpT+t6Ff5EtfSF4wx1WfJiPEEV7WNLnDaRXk0oVysiEPm262roaachGexwUv94WhSgN5TQ==",
      "dev": true
    },
    "node_modules/with/node_modules/uglify-js": {
      "version": "2.4.0",
      "resolved": "https://registry.npmjs.org/uglify-js/-/uglify-js-2.4.0.tgz",
      "integrity": "sha512-mtA+XO8x2+OJmdoqWUDloUdS/VxmeoxEeExlDaKHl3lOQjBQfEJJEYD/0ue07BduJd137AUyUqyEW1R6vlWYXQ==",
      "dev": true,
      "dependencies": {
        "async": "~0.2.6",
        "optimist": "~0.3.5",
        "source-map": "~0.1.7",
        "uglify-to-browserify": "~1.0.0"
      },
      "bin": {
        "uglifyjs": "bin/uglifyjs"
      },
      "engines": {
        "node": ">=0.4.0"
      }
    },
    "node_modules/wordwrap": {
      "version": "0.0.3",
      "resolved": "https://registry.npmjs.org/wordwrap/-/wordwrap-0.0.3.tgz",
      "integrity": "sha512-1tMA907+V4QmxV7dbRvb4/8MaRALK6q9Abid3ndMYnbyo8piisCmeONVqVSXqQA3KaP4SLt5b7ud6E2sqP8TFw==",
      "dev": true,
      "engines": {
        "node": ">=0.4.0"
      }
    },
    "node_modules/xml": {
      "version": "0.0.12",
      "resolved": "https://registry.npmjs.org/xml/-/xml-0.0.12.tgz",
      "integrity": "sha1-8Is0cQmRK+AChXhfRvFa2OUKX2c=",
      "dev": true,
      "engines": {
        "node": ">=0.4.0"
      }
    },
    "node_modules/xtend": {
      "version": "2.1.2",
      "resolved": "https://registry.npmjs.org/xtend/-/xtend-2.1.2.tgz",
      "integrity": "sha512-vMNKzr2rHP9Dp/e1NQFnLQlwlhp9L/LfvnsVdHxN1f+uggyVI3i08uD14GPvCToPkdsRfyPqIyYGmIk58V98ZQ==",
      "dev": true,
      "dependencies": {
        "object-keys": "~0.4.0"
      },
      "engines": {
        "node": ">=0.4"
      }
    },
    "node_modules/yargs": {
      "version": "3.5.4",
      "resolved": "https://registry.npmjs.org/yargs/-/yargs-3.5.4.tgz",
      "integrity": "sha512-5j382E4xQSs71p/xZQsU1PtRA2HXPAjX0E0DkoGLxwNASMOKX6A9doV1NrZmj85u2Pjquz402qonBzz/yLPbPA==",
      "dev": true,
      "dependencies": {
        "camelcase": "^1.0.2",
        "decamelize": "^1.0.0",
        "window-size": "0.1.0",
        "wordwrap": "0.0.2"
      }
    },
    "node_modules/yargs/node_modules/wordwrap": {
      "version": "0.0.2",
      "resolved": "https://registry.npmjs.org/wordwrap/-/wordwrap-0.0.2.tgz",
      "integrity": "sha512-xSBsCeh+g+dinoBv3GAOWM4LcVVO68wLXRanibtBSdUvkGWQRGeE9P7IwU9EmDDi4jA6L44lz15CGMwdw9N5+Q==",
      "dev": true,
      "engines": {
        "node": ">=0.4.0"
      }
    }
  }
}
